
Microsoft Visual Studio Solution File, Format Version 12.00
Project("{FAE04EC0-301F-11D3-BF4B-00C04F79EFBC}") = "WebApplication1", "WebApplication1\WebApplication1.csproj", "{A6A4E8C6-229A-40DB-9D9F-6A22F6A078BD}"
EndProject
Global
	GlobalSection(SolutionConfigurationPlatforms) = preSolution
		Debug|Any CPU = Debug|Any CPU
		Release|Any CPU = Release|Any CPU
	EndGlobalSection
	GlobalSection(ProjectConfigurationPlatforms) = postSolution
		{A6A4E8C6-229A-40DB-9D9F-6A22F6A078BD}.Debug|Any CPU.ActiveCfg = Debug|Any CPU
		{A6A4E8C6-229A-40DB-9D9F-6A22F6A078BD}.Debug|Any CPU.Build.0 = Debug|Any CPU
		{A6A4E8C6-229A-40DB-9D9F-6A22F6A078BD}.Release|Any CPU.ActiveCfg = Release|Any CPU
		{A6A4E8C6-229A-40DB-9D9F-6A22F6A078BD}.Release|Any CPU.Build.0 = Release|Any CPU
	EndGlobalSection
EndGlobal
